	<Project xmlns="http://schemas.microsoft.com/developer/msbuild/2003">
		<PropertyGroup>
			<ProjectGuid>{579b993b-370a-4ccc-a67e-8ce2416bedbb}</ProjectGuid>
			<MainSource>MAF_MyDAC.dpk</MainSource>
			<Configuration Condition=" '$(Configuration)' == '' ">Debug</Configuration>
			<Platform Condition=" '$(Platform)' == '' ">AnyCPU</Platform>
			<DCC_DCCCompiler>DCC32</DCC_DCCCompiler>
			<DCC_DependencyCheckOutputName>C:\Users\Public\Documents\RAD Studio\5.0\Bpl\MAF_MyDAC.bpl</DCC_DependencyCheckOutputName>
			<ProjectVersion>12.0</ProjectVersion>
			<Config Condition="'$(Config)'==''">Debug</Config>
		</PropertyGroup>
		<PropertyGroup Condition="'$(Config)'=='Base' or '$(Base)'!=''">
			<Base>true</Base>
		</PropertyGroup>
		<PropertyGroup Condition="'$(Config)'=='Release' or '$(Cfg_1)'!=''">
			<Cfg_1>true</Cfg_1>
			<CfgParent>Base</CfgParent>
			<Base>true</Base>
		</PropertyGroup>
		<PropertyGroup Condition="'$(Config)'=='Debug' or '$(Cfg_2)'!=''">
			<Cfg_2>true</Cfg_2>
			<CfgParent>Base</CfgParent>
			<Base>true</Base>
		</PropertyGroup>
		<PropertyGroup Condition="'$(Base)'!=''">
			<DCC_Description>Modular Application Framework Components - MyDAC Support Package</DCC_Description>
			<DCC_UnitSearchPath>dcu;D:\Delphi\Components\MyDac2010\Source\Delphi13\dcu;$(DCC_UnitSearchPath)</DCC_UnitSearchPath>
			<DllSuffix>140</DllSuffix>
			<DCC_OutputNeverBuildDcps>true</DCC_OutputNeverBuildDcps>
			<DesignOnlyPackage>false</DesignOnlyPackage>
			<DCC_ImageBase>00400000</DCC_ImageBase>
			<DCC_DependencyCheckOutputName>C:\Users\Public\Documents\RAD Studio\7.0\Bpl\MAF_MyDAC140.bpl</DCC_DependencyCheckOutputName>
			<GenDll>true</GenDll>
			<GenPackage>true</GenPackage>
		</PropertyGroup>
		<PropertyGroup Condition="'$(Cfg_1)'!=''">
			<DCC_UnitSearchPath>DCU\;$(DCC_UnitSearchPath)</DCC_UnitSearchPath>
			<DCC_DcuOutput>DCU\</DCC_DcuOutput>
			<Version>7.0</Version>
			<DCC_DebugInformation>False</DCC_DebugInformation>
			<DCC_LocalDebugSymbols>False</DCC_LocalDebugSymbols>
			<DCC_SymbolReferenceInfo>0</DCC_SymbolReferenceInfo>
			<DCC_Define>RELEASE;$(DCC_Define)</DCC_Define>
		</PropertyGroup>
		<PropertyGroup Condition="'$(Cfg_2)'!=''">
			<DCC_UnitSearchPath>DCU\Debug;$(DCC_UnitSearchPath)</DCC_UnitSearchPath>
			<DCC_Define>Debug;$(DCC_Define)</DCC_Define>
			<DCC_DcuOutput>dcu\Debug</DCC_DcuOutput>
			<Version>7.0</Version>
		</PropertyGroup>
		<ProjectExtensions>
			<Borland.Personality>Delphi.Personality.12</Borland.Personality>
			<Borland.ProjectType>Package</Borland.ProjectType>
			<BorlandProject>
				<Delphi.Personality>
					<Parameters>
						<Parameters Name="UseLauncher">False</Parameters>
						<Parameters Name="LoadAllSymbols">True</Parameters>
						<Parameters Name="LoadUnspecifiedSymbols">False</Parameters>
					</Parameters>
					<VersionInfo>
						<VersionInfo Name="IncludeVerInfo">True</VersionInfo>
						<VersionInfo Name="AutoIncBuild">False</VersionInfo>
						<VersionInfo Name="MajorVer">2</VersionInfo>
						<VersionInfo Name="MinorVer">0</VersionInfo>
						<VersionInfo Name="Release">0</VersionInfo>
						<VersionInfo Name="Build">647</VersionInfo>
						<VersionInfo Name="Debug">False</VersionInfo>
						<VersionInfo Name="PreRelease">False</VersionInfo>
						<VersionInfo Name="Special">False</VersionInfo>
						<VersionInfo Name="Private">False</VersionInfo>
						<VersionInfo Name="DLL">False</VersionInfo>
						<VersionInfo Name="Locale">1033</VersionInfo>
						<VersionInfo Name="CodePage">1252</VersionInfo>
					</VersionInfo>
					<VersionInfoKeys>
						<VersionInfoKeys Name="CompanyName"/>
						<VersionInfoKeys Name="FileDescription">Modular Application Framework Components - MyDAC Support Package</VersionInfoKeys>
						<VersionInfoKeys Name="FileVersion">2.0.0.647</VersionInfoKeys>
						<VersionInfoKeys Name="InternalName">MAF_MyDAC</VersionInfoKeys>
						<VersionInfoKeys Name="LegalCopyright">2009 by Helge Lange</VersionInfoKeys>
						<VersionInfoKeys Name="LegalTrademarks"/>
						<VersionInfoKeys Name="OriginalFilename">MAF_MyDAC140.bpl</VersionInfoKeys>
						<VersionInfoKeys Name="ProductName">Modular Application Framework Components</VersionInfoKeys>
						<VersionInfoKeys Name="ProductVersion">2.0.0.654</VersionInfoKeys>
						<VersionInfoKeys Name="Comments"/>
					</VersionInfoKeys>
					<Excluded_Packages>
						<Excluded_Packages Name="$(BDS)\bin\dcloffice2k140.bpl">Microsoft Office 2000 Sample Automation Server Wrapper Components</Excluded_Packages>
						<Excluded_Packages Name="$(BDS)\bin\dclofficexp140.bpl">Microsoft Office XP Sample Automation Server Wrapper Components</Excluded_Packages>
					</Excluded_Packages>
					<Source>
						<Source Name="MainSource">MAF_MyDAC.dpk</Source>
					</Source>
				</Delphi.Personality>
			</BorlandProject>
			<ProjectFileVersion>12</ProjectFileVersion>
		</ProjectExtensions>
		<ItemGroup>
			<DelphiCompile Include="MAF_MyDAC.dpk">
				<MainSource>MainSource</MainSource>
			</DelphiCompile>
			<DCCReference Include="rtl.dcp"/>
			<DCCReference Include="MAF_Base.dcp"/>
			<DCCReference Include="dac140.dcp"/>
			<DCCReference Include="mydac140.dcp"/>
			<DCCReference Include="..\..\MAF_Database\uMyDACBaseDB.pas"/>
			<DCCReference Include="..\..\MAF_Database\uBaseSQL_Consts_MySQL.pas"/>
			<BuildConfiguration Include="Base">
				<Key>Base</Key>
			</BuildConfiguration>
			<BuildConfiguration Include="Debug">
				<Key>Cfg_2</Key>
				<CfgParent>Base</CfgParent>
			</BuildConfiguration>
			<BuildConfiguration Include="Release">
				<Key>Cfg_1</Key>
				<CfgParent>Base</CfgParent>
			</BuildConfiguration>
		</ItemGroup>
		<ItemGroup/>
		<Import Project="$(BDS)\Bin\CodeGear.Delphi.Targets" Condition="Exists('$(BDS)\Bin\CodeGear.Delphi.Targets')"/>
	</Project>
