	<Project xmlns="http://schemas.microsoft.com/developer/msbuild/2003">
		<PropertyGroup>
			<ProjectGuid>{c51b1bf8-9782-4af0-b3cc-24c0d4fa24e2}</ProjectGuid>
			<MainSource>MAF_SDAC.dpk</MainSource>
			<Configuration Condition=" '$(Configuration)' == '' ">Release</Configuration>
			<Platform Condition=" '$(Platform)' == '' ">AnyCPU</Platform>
			<DCC_DCCCompiler>DCC32</DCC_DCCCompiler>
			<DCC_DependencyCheckOutputName>C:\Users\Helge\Documents\RAD Studio\5.0\Bpl\MAF_SDAC100.bpl</DCC_DependencyCheckOutputName>
			<ProjectVersion>12.0</ProjectVersion>
			<Config Condition="'$(Config)'==''">Debug</Config>
		</PropertyGroup>
		<PropertyGroup Condition="'$(Config)'=='Base' or '$(Base)'!=''">
			<Base>true</Base>
		</PropertyGroup>
		<PropertyGroup Condition="'$(Config)'=='Release' or '$(Cfg_1)'!=''">
			<Cfg_1>true</Cfg_1>
			<CfgParent>Base</CfgParent>
			<Base>true</Base>
		</PropertyGroup>
		<PropertyGroup Condition="'$(Config)'=='Debug' or '$(Cfg_2)'!=''">
			<Cfg_2>true</Cfg_2>
			<CfgParent>Base</CfgParent>
			<Base>true</Base>
		</PropertyGroup>
		<PropertyGroup Condition="'$(Base)'!=''">
			<DCC_ImageBase>00400000</DCC_ImageBase>
			<DesignOnlyPackage>false</DesignOnlyPackage>
			<DllSuffix>140</DllSuffix>
			<DCC_LocalDebugSymbols>false</DCC_LocalDebugSymbols>
			<DCC_Description>Modular Application Framework Components - SDAC Support Package</DCC_Description>
			<DCC_DependencyCheckOutputName>C:\Users\Public\Documents\RAD Studio\7.0\Bpl\MAF_SDAC140.bpl</DCC_DependencyCheckOutputName>
			<DCC_DcuOutput>dcu\</DCC_DcuOutput>
			<DCC_OutputNeverBuildDcps>true</DCC_OutputNeverBuildDcps>
			<GenDll>true</GenDll>
			<DCC_DebugInformation>false</DCC_DebugInformation>
			<DCC_SymbolReferenceInfo>0</DCC_SymbolReferenceInfo>
			<GenPackage>true</GenPackage>
		</PropertyGroup>
		<PropertyGroup Condition="'$(Cfg_1)'!=''">
			<Version>7.0</Version>
			<DCC_DebugInformation>False</DCC_DebugInformation>
			<DCC_LocalDebugSymbols>False</DCC_LocalDebugSymbols>
			<DCC_SymbolReferenceInfo>0</DCC_SymbolReferenceInfo>
			<DCC_Define>RELEASE;$(DCC_Define)</DCC_Define>
		</PropertyGroup>
		<PropertyGroup Condition="'$(Cfg_2)'!=''">
			<DCC_Define>Debug;$(DCC_Define)</DCC_Define>
			<Version>7.0</Version>
			<DCC_WriteableConstants>True</DCC_WriteableConstants>
			<DCC_Optimize>False</DCC_Optimize>
			<DCC_DcuOutput>DCU\Debug</DCC_DcuOutput>
			<DCC_ObjOutput>DCU\Debug</DCC_ObjOutput>
			<DCC_HppOutput>DCU\Debug</DCC_HppOutput>
			<DCC_UnitSearchPath>DCU\Debug;..\..\..\DCU;$(DCC_UnitSearchPath)</DCC_UnitSearchPath>
			<DCC_ResourcePath>DCU\Debug;..\..\..\DCU;$(DCC_ResourcePath)</DCC_ResourcePath>
			<DCC_ObjPath>DCU\Debug;..\..\..\DCU;$(DCC_ObjPath)</DCC_ObjPath>
			<DCC_IncludePath>DCU\Debug;..\..\..\DCU;$(DCC_IncludePath)</DCC_IncludePath>
		</PropertyGroup>
		<ProjectExtensions>
			<Borland.Personality>Delphi.Personality.12</Borland.Personality>
			<Borland.ProjectType>Package</Borland.ProjectType>
			<BorlandProject>
				<Delphi.Personality>
					<Parameters>
						<Parameters Name="UseLauncher">False</Parameters>
						<Parameters Name="LoadAllSymbols">True</Parameters>
						<Parameters Name="LoadUnspecifiedSymbols">False</Parameters>
					</Parameters>
					<VersionInfo>
						<VersionInfo Name="IncludeVerInfo">True</VersionInfo>
						<VersionInfo Name="AutoIncBuild">False</VersionInfo>
						<VersionInfo Name="MajorVer">2</VersionInfo>
						<VersionInfo Name="MinorVer">0</VersionInfo>
						<VersionInfo Name="Release">0</VersionInfo>
						<VersionInfo Name="Build">647</VersionInfo>
						<VersionInfo Name="Debug">False</VersionInfo>
						<VersionInfo Name="PreRelease">False</VersionInfo>
						<VersionInfo Name="Special">False</VersionInfo>
						<VersionInfo Name="Private">False</VersionInfo>
						<VersionInfo Name="DLL">False</VersionInfo>
						<VersionInfo Name="Locale">1033</VersionInfo>
						<VersionInfo Name="CodePage">1252</VersionInfo>
					</VersionInfo>
					<VersionInfoKeys>
						<VersionInfoKeys Name="CompanyName"/>
						<VersionInfoKeys Name="FileDescription">Modular Application Framework Components - SDAC Support Package</VersionInfoKeys>
						<VersionInfoKeys Name="FileVersion">2.0.0.647</VersionInfoKeys>
						<VersionInfoKeys Name="InternalName">MAF_SDAC</VersionInfoKeys>
						<VersionInfoKeys Name="LegalCopyright">2007-2009 by Helge Lange</VersionInfoKeys>
						<VersionInfoKeys Name="LegalTrademarks"/>
						<VersionInfoKeys Name="OriginalFilename">MAF_SDAC140.bpl</VersionInfoKeys>
						<VersionInfoKeys Name="ProductName">Modular Application Framework Components</VersionInfoKeys>
						<VersionInfoKeys Name="ProductVersion">2.0</VersionInfoKeys>
						<VersionInfoKeys Name="Comments"/>
					</VersionInfoKeys>
					<Source>
						<Source Name="MainSource">MAF_SDAC.dpk</Source>
					</Source>
					<Excluded_Packages>
						<Excluded_Packages Name="C:\Users\Public\Documents\RAD Studio\7.0\Bpl\dclmydac140.bpl">Data Access Components for MySQL</Excluded_Packages>
						<Excluded_Packages Name="C:\Users\Public\Documents\RAD Studio\7.0\Bpl\mydacvcl140.bpl">MySQL Data Access GUI related Components</Excluded_Packages>
						<Excluded_Packages Name="$(BDS)\bin\dcloffice2k140.bpl">Microsoft Office 2000 Sample Automation Server Wrapper Components</Excluded_Packages>
						<Excluded_Packages Name="$(BDS)\bin\dclofficexp140.bpl">Microsoft Office XP Sample Automation Server Wrapper Components</Excluded_Packages>
					</Excluded_Packages>
				</Delphi.Personality>
			</BorlandProject>
			<ProjectFileVersion>12</ProjectFileVersion>
		</ProjectExtensions>
		<ItemGroup>
			<DelphiCompile Include="MAF_SDAC.dpk">
				<MainSource>MainSource</MainSource>
			</DelphiCompile>
			<DCCReference Include="rtl.dcp"/>
			<DCCReference Include="MAF_Base.dcp"/>
			<DCCReference Include="dbrtl.dcp"/>
			<DCCReference Include="vcldb.dcp"/>
			<DCCReference Include="vclx.dcp"/>
			<DCCReference Include="dac140.dcp"/>
			<DCCReference Include="sdac140.dcp"/>
			<DCCReference Include="..\..\MAF_Database\uSDACBaseDB.pas"/>
			<DCCReference Include="..\..\MAF_Database\uBaseSQL_Consts_MS_SQLServer.pas"/>
			<BuildConfiguration Include="Base">
				<Key>Base</Key>
			</BuildConfiguration>
			<BuildConfiguration Include="Debug">
				<Key>Cfg_2</Key>
				<CfgParent>Base</CfgParent>
			</BuildConfiguration>
			<BuildConfiguration Include="Release">
				<Key>Cfg_1</Key>
				<CfgParent>Base</CfgParent>
			</BuildConfiguration>
		</ItemGroup>
		<Import Project="$(BDS)\Bin\CodeGear.Delphi.Targets" Condition="Exists('$(BDS)\Bin\CodeGear.Delphi.Targets')"/>
	</Project>
